[[package]]
name = "aiokafka"
version = "0.7.2"
description = "Kafka integration with asyncio."
category = "main"
optional = false
python-versions = "*"

[package.dependencies]
kafka-python = ">=2.0.0"

[package.extras]
snappy = ["python-snappy (>=0.5)"]

[[package]]
name = "dacite"
version = "1.6.0"
description = "Simple creation of data classes from dictionaries."
category = "main"
optional = false
python-versions = ">=3.6"

[package.extras]
dev = ["pytest (>=5)", "pytest-cov", "coveralls", "black", "mypy", "pylint"]

[[package]]
name = "dataclass-csv"
version = "1.3.0"
description = "Map CSV data into dataclasses"
category = "main"
optional = false
python-versions = "*"

[[package]]
name = "dataclasses-avroschema"
version = "0.25.0"
description = "Generate Avro Schemas from a Python class"
category = "main"
optional = false
python-versions = "*"

[package.dependencies]
dacite = ">=1.6.0"
faker = ">=8.1.1"
fastavro = ">=1.4.0"
inflect = ">=5.3.0"
pytz = "*"
stringcase = ">=1.2.0"
typing_extensions = {version = ">=3.7.4", markers = "python_version < \"3.9\""}

[[package]]
name = "faker"
version = "8.14.1"
description = "Faker is a Python package that generates fake data for you."
category = "main"
optional = false
python-versions = ">=3.6"

[package.dependencies]
python-dateutil = ">=2.4"
text-unidecode = "1.3"

[[package]]
name = "fastavro"
version = "1.4.5"
description = "Fast read/write of AVRO files"
category = "main"
optional = false
python-versions = ">=3.6"

[package.extras]
codecs = ["python-snappy", "zstandard", "lz4"]
lz4 = ["lz4"]
snappy = ["python-snappy"]
zstandard = ["zstandard"]

[[package]]
name = "inflect"
version = "5.3.0"
description = "Correctly generate plurals, singular nouns, ordinals, indefinite articles; convert numbers to words"
category = "main"
optional = false
python-versions = ">=3.6"

[package.extras]
docs = ["sphinx", "jaraco.packaging (>=8.2)", "rst.linker (>=1.9)"]
testing = ["pytest (>=4.6)", "pytest-checkdocs (>=1.2.3)", "pytest-flake8", "pytest-cov", "pytest-enabler", "pygments", "pytest-black (>=0.3.7)", "pytest-mypy"]

[[package]]
name = "kafka-python"
version = "2.0.2"
description = "Pure Python client for Apache Kafka"
category = "main"
optional = false
python-versions = "*"

[package.extras]
crc32c = ["crc32c"]

[[package]]
name = "python-dateutil"
version = "2.8.2"
description = "Extensions to the standard Python datetime module"
category = "main"
optional = false
python-versions = "!=3.0.*,!=3.1.*,!=3.2.*,>=2.7"

[package.dependencies]
six = ">=1.5"

[[package]]
name = "pytz"
version = "2021.3"
description = "World timezone definitions, modern and historical"
category = "main"
optional = false
python-versions = "*"

[[package]]
name = "six"
version = "1.16.0"
description = "Python 2 and 3 compatibility utilities"
category = "main"
optional = false
python-versions = ">=2.7, !=3.0.*, !=3.1.*, !=3.2.*"

[[package]]
name = "stringcase"
version = "1.2.0"
description = "String case converter."
category = "main"
optional = false
python-versions = "*"

[[package]]
name = "text-unidecode"
version = "1.3"
description = "The most basic Text::Unidecode port"
category = "main"
optional = false
python-versions = "*"

[[package]]
name = "typing-extensions"
version = "3.10.0.2"
description = "Backported and Experimental Type Hints for Python 3.5+"
category = "main"
optional = false
python-versions = "*"

[metadata]
lock-version = "1.1"
python-versions = "^3.8"
content-hash = "52b70dc78057dee386593fcb5675c684e1de611b9813fca6fbf0ffce39645a73"

[metadata.files]
aiokafka = [
    {file = "aiokafka-0.7.2-cp36-cp36m-macosx_10_9_x86_64.whl", hash = "sha256:b19f077e12fe23e359f7a7dca9baf8532c63f4c8149703ce4c56de372d17e26c"},
    {file = "aiokafka-0.7.2-cp36-cp36m-manylinux_2_12_i686.manylinux2010_i686.whl", hash = "sha256:d801bb2f5a4ae726a433ae74a5d34e7e0d44128de53c9c7eea5cb4cdaaf80175"},
    {file = "aiokafka-0.7.2-cp36-cp36m-manylinux_2_12_x86_64.manylinux2010_x86_64.whl", hash = "sha256:3b1f1e9ad66883ed809d737d57edfb13f1aeb9b08c6fd6b71afefce712c13dad"},
    {file = "aiokafka-0.7.2-cp36-cp36m-win32.whl", hash = "sha256:383cc7d45b47676fea60dbedee747c5c08dde5c10b1be0afc6598fb21a7891b4"},
    {file = "aiokafka-0.7.2-cp36-cp36m-win_amd64.whl", hash = "sha256:ce23baeaacf501f619967067d2c0d4c2b2b761012f9f9c8a49593e96c7550aff"},
    {file = "aiokafka-0.7.2-cp37-cp37m-macosx_10_9_x86_64.whl", hash = "sha256:c96824cef1a480fd2ab4bbd9e9aa737c9191211bab5f7787ef401926d5fda95d"},
    {file = "aiokafka-0.7.2-cp37-cp37m-manylinux_2_12_i686.manylinux2010_i686.whl", hash = "sha256:34eda0b6eb794c36f4100be772f3b120a3c00daaf342f593f32994a762aed7e8"},
    {file = "aiokafka-0.7.2-cp37-cp37m-manylinux_2_12_x86_64.manylinux2010_x86_64.whl", hash = "sha256:e6e78206e5d031e6644d3a46153a146d2d2afff4cf9da9a81edb9f8714114b62"},
    {file = "aiokafka-0.7.2-cp37-cp37m-win32.whl", hash = "sha256:ebbb258840f134bad0e6ca8681a87cd292a1f4ed7253a821c16b4e9f2610a04a"},
    {file = "aiokafka-0.7.2-cp37-cp37m-win_amd64.whl", hash = "sha256:16731e8aa0fc70dc35c31041599c9a5237dd5d2c1a4d04af58f30a942191a281"},
    {file = "aiokafka-0.7.2-cp38-cp38-macosx_10_9_x86_64.whl", hash = "sha256:1a9b6ecb606062b3595bc5104b85b42b62621a86d179b75d708279041152f461"},
    {file = "aiokafka-0.7.2-cp38-cp38-manylinux_2_12_i686.manylinux2010_i686.whl", hash = "sha256:cda55f5cfb19ea7d2f55a51d320a57312f152dab3e333fa1fbfcdde7a9e25a53"},
    {file = "aiokafka-0.7.2-cp38-cp38-manylinux_2_12_x86_64.manylinux2010_x86_64.whl", hash = "sha256:7d56627c3250ba2359dfa90f2c8a3ab995795e0116038905b2f8a608cd1fd606"},
    {file = "aiokafka-0.7.2-cp38-cp38-win32.whl", hash = "sha256:be43d7ddd700d501a6f4c59c859baa9888c2d086b69882f542951bae41234f6a"},
    {file = "aiokafka-0.7.2-cp38-cp38-win_amd64.whl", hash = "sha256:594d2a29875f78d56251141ff95a982c5be64844dc9ae619c285f36c57a08c6e"},
    {file = "aiokafka-0.7.2-cp39-cp39-macosx_10_9_x86_64.whl", hash = "sha256:5371bd663f545ced555775e7e49f39a54b243435098a9699582bb3b32884e332"},
    {file = "aiokafka-0.7.2-cp39-cp39-manylinux_2_12_i686.manylinux2010_i686.whl", hash = "sha256:b1958277eaa702509591c0674790a8c9aced8fef7723dafae0f9aec6d2da71a5"},
    {file = "aiokafka-0.7.2-cp39-cp39-manylinux_2_12_x86_64.manylinux2010_x86_64.whl", hash = "sha256:7fe02a3868236d84356d5fa7c7625ed3a27e52699477c5ee8bd5dc9b5adb592f"},
    {file = "aiokafka-0.7.2-cp39-cp39-win32.whl", hash = "sha256:a3bfe4ad7d3829a98c8391a9a28f179b47df4f66e26ea5b1c665f872b6e21809"},
    {file = "aiokafka-0.7.2-cp39-cp39-win_amd64.whl", hash = "sha256:6116b68ca975caafd7efd338ffdaec63789e1c334af6174e20edc1d16d14e463"},
    {file = "aiokafka-0.7.2.tar.gz", hash = "sha256:a8fc41d18731d8879483aecb93ae7ebf5457f63daf4c8923ddc046792c2c3096"},
]
dacite = [
    {file = "dacite-1.6.0-py3-none-any.whl", hash = "sha256:4331535f7aabb505c732fa4c3c094313fc0a1d5ea19907bf4726a7819a68b93f"},
    {file = "dacite-1.6.0.tar.gz", hash = "sha256:d48125ed0a0352d3de9f493bf980038088f45f3f9d7498f090b50a847daaa6df"},
]
dataclass-csv = [
    {file = "dataclass-csv-1.3.0.tar.gz", hash = "sha256:e6df91d942c70a7d6e1d347bbb5c96a22080e8e8d0b7a559a3a016dd4eb490c7"},
    {file = "dataclass_csv-1.3.0-py2.py3-none-any.whl", hash = "sha256:0ad03e138cb0750f71cf64c56dff9c01f646cbfc6e4092a23d6ce624c9671d96"},
]
dataclasses-avroschema = [
    {file = "dataclasses-avroschema-0.25.0.tar.gz", hash = "sha256:3177122fdd08a71bf2bef5e376824caea32cbaf253894d36a881ec0bd00d4358"},
]
faker = [
    {file = "Faker-8.14.1-py3-none-any.whl", hash = "sha256:30e10d959191b30fd89f7a180940b930bafcaf371c41cfb740d9cefacfe3555f"},
    {file = "Faker-8.14.1.tar.gz", hash = "sha256:17225e20fed6b958108ad278974b5eb63a797496e43d5c337366fa128473d94f"},
]
fastavro = [
    {file = "fastavro-1.4.5-cp36-cp36m-macosx_10_14_x86_64.whl", hash = "sha256:48e6907088c058342635b577427c8d78ab18c8d20ca58a0c5365e5eb3157c6e2"},
    {file = "fastavro-1.4.5-cp36-cp36m-manylinux_2_17_aarch64.manylinux2014_aarch64.whl", hash = "sha256:7ee068012da1d262f2ae60798ad142cb7dd91eac21d04f379553924b91a46fff"},
    {file = "fastavro-1.4.5-cp36-cp36m-manylinux_2_17_x86_64.manylinux2014_x86_64.whl", hash = "sha256:a6b95e003a4c6668c102bd39cdeda7bdf38c16db46926a0b9f92800836e437f7"},
    {file = "fastavro-1.4.5-cp36-cp36m-win_amd64.whl", hash = "sha256:6187bf2a37c2ca33a78bc424e874869b35593fcd059988487faa02f6b7b57f73"},
    {file = "fastavro-1.4.5-cp37-cp37m-macosx_10_14_x86_64.whl", hash = "sha256:e7ea611a956c508bd97d2a2bc17c3fcdec48bd1151ad05b0e251bf2e50994665"},
    {file = "fastavro-1.4.5-cp37-cp37m-manylinux_2_17_aarch64.manylinux2014_aarch64.whl", hash = "sha256:431d382657812d9b24f2d16663841721187e7e89b137b8b34fdeee7809d66e88"},
    {file = "fastavro-1.4.5-cp37-cp37m-manylinux_2_17_x86_64.manylinux2014_x86_64.whl", hash = "sha256:06b531f1be2878c3eef7efdc68d637a3bfe2b6b074edde30ab6321bbb5ac1961"},
    {file = "fastavro-1.4.5-cp37-cp37m-win_amd64.whl", hash = "sha256:5d8163fe404c1c48ce973772b5a00d1f696ae04c5e3ae4aa63c89276e617af63"},
    {file = "fastavro-1.4.5-cp38-cp38-macosx_10_14_x86_64.whl", hash = "sha256:fe37f2e2e8e1170abe50dd113a730ffcb64d75b5a68997da2b22bb8545439642"},
    {file = "fastavro-1.4.5-cp38-cp38-manylinux_2_17_aarch64.manylinux2014_aarch64.whl", hash = "sha256:9cad773eccad51271faacafb7a4bb8c387e456eb419090cb529c116a4d918a89"},
    {file = "fastavro-1.4.5-cp38-cp38-manylinux_2_17_x86_64.manylinux2014_x86_64.whl", hash = "sha256:a60af4595b68838ce736aec0e9221d3e50dd29f26c6409f63f41256bfb6ef5c8"},
    {file = "fastavro-1.4.5-cp38-cp38-win_amd64.whl", hash = "sha256:4dfcd2401759a80da6ceb4e46af660626d77c235b903db09c74d031f8e02a219"},
    {file = "fastavro-1.4.5-cp39-cp39-macosx_10_14_x86_64.whl", hash = "sha256:246cc9043b31a004e13204fef72917bdb4886b752defe08eb32da3d87123802f"},
    {file = "fastavro-1.4.5-cp39-cp39-manylinux_2_17_aarch64.manylinux2014_aarch64.whl", hash = "sha256:61603a2b46cd6ca06a250fec3011c40400683c9b57d934f3e4d5cc3fe0f3d254"},
    {file = "fastavro-1.4.5-cp39-cp39-manylinux_2_17_x86_64.manylinux2014_x86_64.whl", hash = "sha256:fafe37983605ed74a5ca8063951f6d5984ad871e0ff895f14afa81a6d88c316e"},
    {file = "fastavro-1.4.5-cp39-cp39-win_amd64.whl", hash = "sha256:4043ca61362601dbc9b0b51e852207130677842e93d95b5a5327c3ad478f14e1"},
    {file = "fastavro-1.4.5.tar.gz", hash = "sha256:fb5b4b46bd9f89be07921752bac952daa872a79f94fadf01f3679da906824424"},
]
inflect = [
    {file = "inflect-5.3.0-py3-none-any.whl", hash = "sha256:42560be16af702a21d43d59427f276b5aed79efb1ded9b713468c081f4353d10"},
    {file = "inflect-5.3.0.tar.gz", hash = "sha256:41a23f6788962e9775e40e2ecfb1d6455d02de315022afeedd3c5dc070019d73"},
]
kafka-python = [
    {file = "kafka-python-2.0.2.tar.gz", hash = "sha256:04dfe7fea2b63726cd6f3e79a2d86e709d608d74406638c5da33a01d45a9d7e3"},
    {file = "kafka_python-2.0.2-py2.py3-none-any.whl", hash = "sha256:2d92418c7cb1c298fa6c7f0fb3519b520d0d7526ac6cb7ae2a4fc65a51a94b6e"},
]
python-dateutil = [
    {file = "python-dateutil-2.8.2.tar.gz", hash = "sha256:0123cacc1627ae19ddf3c27a5de5bd67ee4586fbdd6440d9748f8abb483d3e86"},
    {file = "python_dateutil-2.8.2-py2.py3-none-any.whl", hash = "sha256:961d03dc3453ebbc59dbdea9e4e11c5651520a876d0f4db161e8674aae935da9"},
]
pytz = [
    {file = "pytz-2021.3-py2.py3-none-any.whl", hash = "sha256:3672058bc3453457b622aab7a1c3bfd5ab0bdae451512f6cf25f64ed37f5b87c"},
    {file = "pytz-2021.3.tar.gz", hash = "sha256:acad2d8b20a1af07d4e4c9d2e9285c5ed9104354062f275f3fcd88dcef4f1326"},
]
six = [
    {file = "six-1.16.0-py2.py3-none-any.whl", hash = "sha256:8abb2f1d86890a2dfb989f9a77cfcfd3e47c2a354b01111771326f8aa26e0254"},
    {file = "six-1.16.0.tar.gz", hash = "sha256:1e61c37477a1626458e36f7b1d82aa5c9b094fa4802892072e49de9c60c4c926"},
]
stringcase = [
    {file = "stringcase-1.2.0.tar.gz", hash = "sha256:48a06980661908efe8d9d34eab2b6c13aefa2163b3ced26972902e3bdfd87008"},
]
text-unidecode = [
    {file = "text-unidecode-1.3.tar.gz", hash = "sha256:bad6603bb14d279193107714b288be206cac565dfa49aa5b105294dd5c4aab93"},
    {file = "text_unidecode-1.3-py2.py3-none-any.whl", hash = "sha256:1311f10e8b895935241623731c2ba64f4c455287888b18189350b67134a822e8"},
]
typing-extensions = [
    {file = "typing_extensions-3.10.0.2-py2-none-any.whl", hash = "sha256:d8226d10bc02a29bcc81df19a26e56a9647f8b0a6d4a83924139f4a8b01f17b7"},
    {file = "typing_extensions-3.10.0.2-py3-none-any.whl", hash = "sha256:f1d25edafde516b146ecd0613dabcc61409817af4766fbbcfb8d1ad4ec441a34"},
    {file = "typing_extensions-3.10.0.2.tar.gz", hash = "sha256:49f75d16ff11f1cd258e1b988ccff82a3ca5570217d7ad8c5f48205dd99a677e"},
]
